<?xml version="1.0" encoding="utf-8"?>
<Project ToolsVersion="4.0" xmlns="http://schemas.microsoft.com/developer/msbuild/2003">
  <ItemGroup>
    <Filter Include="Source Files">
      <UniqueIdentifier>{4FC737F1-C7A5-4376-A066-2A32D752A2FF}</UniqueIdentifier>
      <Extensions>cpp;c;cc;cxx;def;odl;idl;hpj;bat;asm;asmx</Extensions>
    </Filter>
    <Filter Include="Header Files">
      <UniqueIdentifier>{93995380-89BD-4b04-88EB-625FBE52EBFB}</UniqueIdentifier>
      <Extensions>h;hpp;hxx;hm;inl;inc;xsd</Extensions>
    </Filter>
    <Filter Include="Resource Files">
      <UniqueIdentifier>{67DA6AB6-F800-4c08-8B7A-83BB121AAD01}</UniqueIdentifier>
      <Extensions>rc;ico;cur;bmp;dlg;rc2;rct;bin;rgs;gif;jpg;jpeg;jpe;resx;tiff;tif;png;wav;mfcribbon-ms</Extensions>
    </Filter>
    <Filter Include="Driver Files">
      <UniqueIdentifier>{8E41214B-6785-4CFE-B992-037D68949A14}</UniqueIdentifier>
      <Extensions>inf;inv;inx;mof;mc;</Extensions>
    </Filter>
  </ItemGroup>
  <ItemGroup>
    <Inf Include="mainstream.inf">
      <Filter>Driver Files</Filter>
    </Inf>
  </ItemGroup>
  <ItemGroup>
    <ClInclude Include="deployment\ioctl_settings.hxx">
      <Filter>Header Files</Filter>
    </ClInclude>
    <ClInclude Include="io wizard\wizard.hxx">
      <Filter>Header Files</Filter>
    </ClInclude>
    <ClInclude Include="Callbacks\PsSetLoadImageNotifyRoutine\psSetLoadImageNotifyRoutine.hxx">
      <Filter>Header Files</Filter>
    </ClInclude>
    <ClInclude Include="Shared\PacketIndex.hxx">
      <Filter>Header Files</Filter>
    </ClInclude>
    <ClInclude Include="Shared\shared_buffers.hxx">
      <Filter>Header Files</Filter>
    </ClInclude>
    <ClInclude Include="Shared\CSRRCR\consumer_reciever.hxx">
      <Filter>Header Files</Filter>
    </ClInclude>
    <ClInclude Include="Shared_Packet.hxx">
      <Filter>Header Files</Filter>
    </ClInclude>
    <ClInclude Include="Packet Handler\Packet_Handler.hxx">
      <Filter>Header Files</Filter>
    </ClInclude>
    <ClInclude Include="unload agent\UnloadAgent.hxx">
      <Filter>Header Files</Filter>
    </ClInclude>
    <ClInclude Include="Callbacks\Callback_wizard.hxx">
      <Filter>Header Files</Filter>
    </ClInclude>
    <ClInclude Include="Exported\Exported.hxx">
      <Filter>Header Files</Filter>
    </ClInclude>
    <ClInclude Include="Definition\Headers.hxx">
      <Filter>Header Files</Filter>
    </ClInclude>
    <ClInclude Include="Definition\Constants.hxx">
      <Filter>Header Files</Filter>
    </ClInclude>
    <ClInclude Include="Definition\File.hxx">
      <Filter>Header Files</Filter>
    </ClInclude>
    <ClInclude Include="Definition\PacketInclude.hxx">
      <Filter>Header Files</Filter>
    </ClInclude>
    <ClInclude Include="Definition\WIN.hxx">
      <Filter>Header Files</Filter>
    </ClInclude>
    <ClInclude Include="Definition\crt.hxx">
      <Filter>Header Files</Filter>
    </ClInclude>
    <ClInclude Include="IAT\IAT.hxx">
      <Filter>Header Files</Filter>
    </ClInclude>
  </ItemGroup>
  <ItemGroup>
    <ClCompile Include="deployment\deployment.cxx">
      <Filter>Source Files</Filter>
    </ClCompile>
    <ClCompile Include="io wizard\wizard.cxx">
      <Filter>Source Files</Filter>
    </ClCompile>
    <ClCompile Include="deployment\ioctl_settings.cpp">
      <Filter>Source Files</Filter>
    </ClCompile>
    <ClCompile Include="Callbacks\PsSetLoadImageNotifyRoutine\PsSetLoadImageNotifyRoutine.cxx">
      <Filter>Source Files</Filter>
    </ClCompile>
    <ClCompile Include="Shared\Entry\shared_buffers.cxx">
      <Filter>Source Files</Filter>
    </ClCompile>
    <ClCompile Include="Shared\Entry\CreateEntry.cxx">
      <Filter>Source Files</Filter>
    </ClCompile>
    <ClCompile Include="Shared\CSRRCR\consumer_reciever.cxx">
      <Filter>Source Files</Filter>
    </ClCompile>
    <ClCompile Include="Packet Handler\Packet_Handler.cxx">
      <Filter>Source Files</Filter>
    </ClCompile>
    <ClCompile Include="unload agent\UnloadAgent.cxx">
      <Filter>Source Files</Filter>
    </ClCompile>
    <ClCompile Include="Callbacks\wizard\Callback_wizard.cxx">
      <Filter>Source Files</Filter>
    </ClCompile>
    <ClCompile Include="Exported\Exported.cxx">
      <Filter>Source Files</Filter>
    </ClCompile>
    <ClCompile Include="IAT\IAT.cxx">
      <Filter>Source Files</Filter>
    </ClCompile>
  </ItemGroup>
</Project>