
Microsoft Visual Studio Solution File, Format Version 12.00
# Visual Studio Version 17
VisualStudioVersion = 17.14.36511.14
MinimumVisualStudioVersion = 10.0.40219.1
Project("{8BC9CEB8-8B4A-11D0-8D11-00A0C91BC942}") = "mainstream", "mainstream\mainstream.vcxproj", "{8A629CB2-25AE-7B59-934E-391348731436}"
EndProject
Global
	GlobalSection(SolutionConfigurationPlatforms) = preSolution
		Debug|ARM64 = Debug|ARM64
		Debug|x64 = Debug|x64
		Release|ARM64 = Release|ARM64
		Release|x64 = Release|x64
	EndGlobalSection
	GlobalSection(ProjectConfigurationPlatforms) = postSolution
		{8A629CB2-25AE-7B59-934E-391348731436}.Debug|ARM64.ActiveCfg = Debug|ARM64
		{8A629CB2-25AE-7B59-934E-391348731436}.Debug|ARM64.Build.0 = Debug|ARM64
		{8A629CB2-25AE-7B59-934E-391348731436}.Debug|ARM64.Deploy.0 = Debug|ARM64
		{8A629CB2-25AE-7B59-934E-391348731436}.Debug|x64.ActiveCfg = Debug|x64
		{8A629CB2-25AE-7B59-934E-391348731436}.Debug|x64.Build.0 = Debug|x64
		{8A629CB2-25AE-7B59-934E-391348731436}.Debug|x64.Deploy.0 = Debug|x64
		{8A629CB2-25AE-7B59-934E-391348731436}.Release|ARM64.ActiveCfg = Release|ARM64
		{8A629CB2-25AE-7B59-934E-391348731436}.Release|ARM64.Build.0 = Release|ARM64
		{8A629CB2-25AE-7B59-934E-391348731436}.Release|ARM64.Deploy.0 = Release|ARM64
		{8A629CB2-25AE-7B59-934E-391348731436}.Release|x64.ActiveCfg = Release|x64
		{8A629CB2-25AE-7B59-934E-391348731436}.Release|x64.Build.0 = Release|x64
		{8A629CB2-25AE-7B59-934E-391348731436}.Release|x64.Deploy.0 = Release|x64
	EndGlobalSection
	GlobalSection(SolutionProperties) = preSolution
		HideSolutionNode = FALSE
	EndGlobalSection
	GlobalSection(ExtensibilityGlobals) = postSolution
		SolutionGuid = {A4D957D2-EE5B-4B4B-B968-FC7396379D71}
	EndGlobalSection
EndGlobal
